Microsoft Visual Studio Solution File, Format Version 12.00
# Visual Studio Version 17
VisualStudioVersion = 17.5.2.0
MinimumVisualStudioVersion = 10.0.40219.1
Project("{2150E333-8FDC-42A3-9474-1A3956D46DE8}") = "Notes", "Notes", "{59D919E5-3F8F-260B-B386-DA00513BA83C}"
EndProject
Project("{2150E333-8FDC-42A3-9474-1A3956D46DE8}") = "DesignPrinciples", "DesignPrinciples", "{73DE39D4-5919-7E52-2FEC-4B892159C249}"
EndProject
Project("{FAE04EC0-301F-11D3-BF4B-00C04F79EFBC}") = "HollywoodTest", "Notes\DesignPrinciples\Hollywood\HollywoodTest.csproj", "{0920F1D1-196A-74C8-F5C3-C5F77ED6CDE8}"
EndProject
Project("{FAE04EC0-301F-11D3-BF4B-00C04F79EFBC}") = "Test", "Notes\DesignPrinciples\SOLID\Test.csproj", "{5FB08503-E482-1A10-11AF-D3D282BF4878}"
EndProject
Project("{2150E333-8FDC-42A3-9474-1A3956D46DE8}") = "DesignPatterns", "DesignPatterns", "{630EB7A7-CF40-9120-F54F-A36B0CE8ED78}"
EndProject
Project("{2150E333-8FDC-42A3-9474-1A3956D46DE8}") = "Behavioral", "Behavioral", "{573A2AFD-1255-4422-E763-E4623D2A6155}"
EndProject
Project("{FAE04EC0-301F-11D3-BF4B-00C04F79EFBC}") = "POC", "Notes\DesignPatterns\Behavioral\POC\POC.csproj", "{9B92478D-B318-0726-DDD4-F86EC4C9F9D0}"
EndProject
Project("{2150E333-8FDC-42A3-9474-1A3956D46DE8}") = "Creational", "Creational", "{6F434984-96E0-D5E5-3324-AF73E4C3ACCD}"
EndProject
Project("{FAE04EC0-301F-11D3-BF4B-00C04F79EFBC}") = "Prototype", "Notes\DesignPatterns\Creational\Prototype\Prototype.csproj", "{F11BE3F4-C4C9-D10E-E719-04CE7AE732D0}"
EndProject
Project("{2150E333-8FDC-42A3-9474-1A3956D46DE8}") = "ChainOfResponsibility", "ChainOfResponsibility", "{A9C66443-8C38-0273-54DE-3D3C950D557A}"
EndProject
Project("{FAE04EC0-301F-11D3-BF4B-00C04F79EFBC}") = "POC", "Notes\DesignPatterns\Behavioral\ChainOfResponsibility\POC\POC.csproj", "{495195C6-B99B-C24D-0035-131BB5337B93}"
EndProject
Project("{2150E333-8FDC-42A3-9474-1A3956D46DE8}") = "Command", "Command", "{7E00C405-6CBD-3165-55CA-51D72F4560AD}"
EndProject
Project("{FAE04EC0-301F-11D3-BF4B-00C04F79EFBC}") = "POC", "Notes\DesignPatterns\Behavioral\Command\POC\POC.csproj", "{6F267CF6-7F5F-8DB0-0300-0CE487F82E17}"
EndProject
Project("{2150E333-8FDC-42A3-9474-1A3956D46DE8}") = "Iterator", "Iterator", "{9DE219D5-DE11-B27F-4AA4-798C01D71940}"
EndProject
Project("{FAE04EC0-301F-11D3-BF4B-00C04F79EFBC}") = "POC", "Notes\DesignPatterns\Behavioral\Iterator\POC\POC.csproj", "{0F37EDD8-B616-184D-D1C9-E37E49098EB9}"
EndProject
Project("{2150E333-8FDC-42A3-9474-1A3956D46DE8}") = "Mediator", "Mediator", "{F2E0BEF0-A893-7B68-14E4-673964F9E39F}"
EndProject
Project("{FAE04EC0-301F-11D3-BF4B-00C04F79EFBC}") = "POC", "Notes\DesignPatterns\Behavioral\Mediator\POC\POC.csproj", "{BCE356FF-A337-E169-690F-813A783D4BA5}"
EndProject
Project("{2150E333-8FDC-42A3-9474-1A3956D46DE8}") = "Memento", "Memento", "{F8FE2A3E-219E-89AE-4197-ABF4595606D5}"
EndProject
Project("{FAE04EC0-301F-11D3-BF4B-00C04F79EFBC}") = "POC", "Notes\DesignPatterns\Behavioral\Memento\POC\POC.csproj", "{4448251B-286A-E583-F8EE-430C44BF9602}"
EndProject
Project("{2150E333-8FDC-42A3-9474-1A3956D46DE8}") = "Observer", "Observer", "{52EB4CEC-6B9A-4906-F388-D7413715C780}"
EndProject
Project("{FAE04EC0-301F-11D3-BF4B-00C04F79EFBC}") = "POC", "Notes\DesignPatterns\Behavioral\Observer\POC\POC.csproj", "{34466E72-261F-2B82-C308-D56FCE0D3C90}"
EndProject
Project("{2150E333-8FDC-42A3-9474-1A3956D46DE8}") = "State", "State", "{130F9AAF-19B5-B16D-8EBF-87151034CAD3}"
EndProject
Project("{FAE04EC0-301F-11D3-BF4B-00C04F79EFBC}") = "POC", "Notes\DesignPatterns\Behavioral\State\POC\POC.csproj", "{3EA0E0E1-C3E5-8356-1932-9CB3A38474C2}"
EndProject
Project("{2150E333-8FDC-42A3-9474-1A3956D46DE8}") = "Strategy", "Strategy", "{9BB98E95-2E04-7176-98FB-9A813B839064}"
EndProject
Project("{FAE04EC0-301F-11D3-BF4B-00C04F79EFBC}") = "POC", "Notes\DesignPatterns\Behavioral\Strategy\POC\POC.csproj", "{CC355E1A-F4B8-417D-5FDD-70F04594F1E1}"
EndProject
Project("{2150E333-8FDC-42A3-9474-1A3956D46DE8}") = "TemplateMethod", "TemplateMethod", "{776A6997-D9B7-B6ED-6167-79E014263F9A}"
EndProject
Project("{FAE04EC0-301F-11D3-BF4B-00C04F79EFBC}") = "POC", "Notes\DesignPatterns\Behavioral\TemplateMethod\POC\POC.csproj", "{7C057808-D23C-A0A7-B5B1-DB969F09C69C}"
EndProject
Project("{2150E333-8FDC-42A3-9474-1A3956D46DE8}") = "Visitor", "Visitor", "{19A28677-B5CA-1363-4412-FCB5EBEEA199}"
EndProject
Project("{FAE04EC0-301F-11D3-BF4B-00C04F79EFBC}") = "Visitor", "Notes\DesignPatterns\Behavioral\Visitor\POC\Visitor.csproj", "{F01FC7B6-FFD9-F057-3FDE-C878789901A4}"
EndProject
Project("{2150E333-8FDC-42A3-9474-1A3956D46DE8}") = "Abstract Factory", "Abstract Factory", "{A10A4599-04AF-C986-1168-7FA279CB303D}"
EndProject
Project("{FAE04EC0-301F-11D3-BF4B-00C04F79EFBC}") = "POC", "Notes\DesignPatterns\Creational\Abstract Factory\POC\POC.csproj", "{14E5E917-D4ED-41EE-65C8-54A0484558D5}"
EndProject
Project("{2150E333-8FDC-42A3-9474-1A3956D46DE8}") = "Builder", "Builder", "{72F38D69-C98E-8D2D-8AE6-D3A7213C0265}"
EndProject
Project("{FAE04EC0-301F-11D3-BF4B-00C04F79EFBC}") = "POC", "Notes\DesignPatterns\Creational\Builder\POC\POC.csproj", "{FA9C2E2D-ED5D-3571-710E-879AA5B13268}"
EndProject
Project("{2150E333-8FDC-42A3-9474-1A3956D46DE8}") = "Factory", "Factory", "{F0392E49-F7AE-E605-ECA4-796DABEE9805}"
EndProject
Project("{FAE04EC0-301F-11D3-BF4B-00C04F79EFBC}") = "POC", "Notes\DesignPatterns\Creational\Factory\POC\POC.csproj", "{DD5E42DF-90CC-DE44-E518-0407D04F3842}"
EndProject
Project("{2150E333-8FDC-42A3-9474-1A3956D46DE8}") = "Singleton", "Singleton", "{A2F36048-BB3F-3098-3A60-5DCD42D2FAFD}"
EndProject
Project("{FAE04EC0-301F-11D3-BF4B-00C04F79EFBC}") = "POC", "Notes\DesignPatterns\Creational\Singleton\POC\POC.csproj", "{CA322B0A-FCF3-99C8-9B91-BF7E748E369A}"
EndProject
Project("{2150E333-8FDC-42A3-9474-1A3956D46DE8}") = "Structural", "Structural", "{BDB3774D-096B-0591-E0A4-6A95863CD1B0}"
EndProject
Project("{2150E333-8FDC-42A3-9474-1A3956D46DE8}") = "Adapter", "Adapter", "{4F95ABC4-182B-2823-1A89-00FCB802B857}"
EndProject
Project("{FAE04EC0-301F-11D3-BF4B-00C04F79EFBC}") = "POC", "Notes\DesignPatterns\Structural\Adapter\POC\POC.csproj", "{884AFE94-3A8E-43E1-F8C8-BF276034B8EA}"
EndProject
Project("{2150E333-8FDC-42A3-9474-1A3956D46DE8}") = "Bridge", "Bridge", "{36AFA2B1-754B-A0B3-B6F2-7A44A31FBAA7}"
EndProject
Project("{FAE04EC0-301F-11D3-BF4B-00C04F79EFBC}") = "POC", "Notes\DesignPatterns\Structural\Bridge\POC\POC.csproj", "{62FEA766-07AE-B90C-88CC-0F0795B5E7D8}"
EndProject
Project("{2150E333-8FDC-42A3-9474-1A3956D46DE8}") = "Composite", "Composite", "{00C976CF-9F5B-A46F-B1F5-0547818A5092}"
EndProject
Project("{FAE04EC0-301F-11D3-BF4B-00C04F79EFBC}") = "POC", "Notes\DesignPatterns\Structural\Composite\POC\POC.csproj", "{8C1BFA37-5674-01CA-7FF3-819F814EB3CD}"
EndProject
Project("{2150E333-8FDC-42A3-9474-1A3956D46DE8}") = "Decorator", "Decorator", "{BC378DEB-1381-F78B-DEDD-8F59064AA6AC}"
EndProject
Project("{FAE04EC0-301F-11D3-BF4B-00C04F79EFBC}") = "Decorator_Pattern", "Notes\DesignPatterns\Structural\Decorator\POC\Decorator_Pattern.csproj", "{B8318704-5881-3D16-A550-0FD57AD20B69}"
EndProject
Project("{2150E333-8FDC-42A3-9474-1A3956D46DE8}") = "Facade", "Facade", "{E09517AB-124E-9009-500D-1CE253C40AE6}"
EndProject
Project("{FAE04EC0-301F-11D3-BF4B-00C04F79EFBC}") = "POC", "Notes\DesignPatterns\Structural\Facade\POC\POC.csproj", "{1904027F-9089-D079-1A6C-5EC8C826BBCF}"
EndProject
Project("{2150E333-8FDC-42A3-9474-1A3956D46DE8}") = "Flyweight", "Flyweight", "{D2E45E15-3F72-DE5A-8F72-08B0EFA45926}"
EndProject
Project("{FAE04EC0-301F-11D3-BF4B-00C04F79EFBC}") = "POC", "Notes\DesignPatterns\Structural\Flyweight\POC\POC.csproj", "{7EF8D195-66DC-7510-6A38-50C685678EBB}"
EndProject
Project("{2150E333-8FDC-42A3-9474-1A3956D46DE8}") = "Proxy", "Proxy", "{BE79B9DC-51AB-06C3-9790-C18491B8087E}"
EndProject
Project("{FAE04EC0-301F-11D3-BF4B-00C04F79EFBC}") = "proxyexample", "Notes\DesignPatterns\Structural\Proxy\POC\proxyexample.csproj", "{7EC20B91-DFB9-4643-1517-30C87D8CCCE6}"
EndProject
Global
	GlobalSection(SolutionConfigurationPlatforms) = preSolution
		Debug|Any CPU = Debug|Any CPU
		Release|Any CPU = Release|Any CPU
	EndGlobalSection
	GlobalSection(ProjectConfigurationPlatforms) = postSolution
		{0920F1D1-196A-74C8-F5C3-C5F77ED6CDE8}.Debug|Any CPU.ActiveCfg = Debug|Any CPU
		{0920F1D1-196A-74C8-F5C3-C5F77ED6CDE8}.Debug|Any CPU.Build.0 = Debug|Any CPU
		{0920F1D1-196A-74C8-F5C3-C5F77ED6CDE8}.Release|Any CPU.ActiveCfg = Release|Any CPU
		{0920F1D1-196A-74C8-F5C3-C5F77ED6CDE8}.Release|Any CPU.Build.0 = Release|Any CPU
		{5FB08503-E482-1A10-11AF-D3D282BF4878}.Debug|Any CPU.ActiveCfg = Debug|Any CPU
		{5FB08503-E482-1A10-11AF-D3D282BF4878}.Debug|Any CPU.Build.0 = Debug|Any CPU
		{5FB08503-E482-1A10-11AF-D3D282BF4878}.Release|Any CPU.ActiveCfg = Release|Any CPU
		{5FB08503-E482-1A10-11AF-D3D282BF4878}.Release|Any CPU.Build.0 = Release|Any CPU
		{9B92478D-B318-0726-DDD4-F86EC4C9F9D0}.Debug|Any CPU.ActiveCfg = Debug|Any CPU
		{9B92478D-B318-0726-DDD4-F86EC4C9F9D0}.Debug|Any CPU.Build.0 = Debug|Any CPU
		{9B92478D-B318-0726-DDD4-F86EC4C9F9D0}.Release|Any CPU.ActiveCfg = Release|Any CPU
		{9B92478D-B318-0726-DDD4-F86EC4C9F9D0}.Release|Any CPU.Build.0 = Release|Any CPU
		{F11BE3F4-C4C9-D10E-E719-04CE7AE732D0}.Debug|Any CPU.ActiveCfg = Debug|Any CPU
		{F11BE3F4-C4C9-D10E-E719-04CE7AE732D0}.Debug|Any CPU.Build.0 = Debug|Any CPU
		{F11BE3F4-C4C9-D10E-E719-04CE7AE732D0}.Release|Any CPU.ActiveCfg = Release|Any CPU
		{F11BE3F4-C4C9-D10E-E719-04CE7AE732D0}.Release|Any CPU.Build.0 = Release|Any CPU
		{495195C6-B99B-C24D-0035-131BB5337B93}.Debug|Any CPU.ActiveCfg = Debug|Any CPU
		{495195C6-B99B-C24D-0035-131BB5337B93}.Debug|Any CPU.Build.0 = Debug|Any CPU
		{495195C6-B99B-C24D-0035-131BB5337B93}.Release|Any CPU.ActiveCfg = Release|Any CPU
		{495195C6-B99B-C24D-0035-131BB5337B93}.Release|Any CPU.Build.0 = Release|Any CPU
		{6F267CF6-7F5F-8DB0-0300-0CE487F82E17}.Debug|Any CPU.ActiveCfg = Debug|Any CPU
		{6F267CF6-7F5F-8DB0-0300-0CE487F82E17}.Debug|Any CPU.Build.0 = Debug|Any CPU
		{6F267CF6-7F5F-8DB0-0300-0CE487F82E17}.Release|Any CPU.ActiveCfg = Release|Any CPU
		{6F267CF6-7F5F-8DB0-0300-0CE487F82E17}.Release|Any CPU.Build.0 = Release|Any CPU
		{0F37EDD8-B616-184D-D1C9-E37E49098EB9}.Debug|Any CPU.ActiveCfg = Debug|Any CPU
		{0F37EDD8-B616-184D-D1C9-E37E49098EB9}.Debug|Any CPU.Build.0 = Debug|Any CPU
		{0F37EDD8-B616-184D-D1C9-E37E49098EB9}.Release|Any CPU.ActiveCfg = Release|Any CPU
		{0F37EDD8-B616-184D-D1C9-E37E49098EB9}.Release|Any CPU.Build.0 = Release|Any CPU
		{BCE356FF-A337-E169-690F-813A783D4BA5}.Debug|Any CPU.ActiveCfg = Debug|Any CPU
		{BCE356FF-A337-E169-690F-813A783D4BA5}.Debug|Any CPU.Build.0 = Debug|Any CPU
		{BCE356FF-A337-E169-690F-813A783D4BA5}.Release|Any CPU.ActiveCfg = Release|Any CPU
		{BCE356FF-A337-E169-690F-813A783D4BA5}.Release|Any CPU.Build.0 = Release|Any CPU
		{4448251B-286A-E583-F8EE-430C44BF9602}.Debug|Any CPU.ActiveCfg = Debug|Any CPU
		{4448251B-286A-E583-F8EE-430C44BF9602}.Debug|Any CPU.Build.0 = Debug|Any CPU
		{4448251B-286A-E583-F8EE-430C44BF9602}.Release|Any CPU.ActiveCfg = Release|Any CPU
		{4448251B-286A-E583-F8EE-430C44BF9602}.Release|Any CPU.Build.0 = Release|Any CPU
		{34466E72-261F-2B82-C308-D56FCE0D3C90}.Debug|Any CPU.ActiveCfg = Debug|Any CPU
		{34466E72-261F-2B82-C308-D56FCE0D3C90}.Debug|Any CPU.Build.0 = Debug|Any CPU
		{34466E72-261F-2B82-C308-D56FCE0D3C90}.Release|Any CPU.ActiveCfg = Release|Any CPU
		{34466E72-261F-2B82-C308-D56FCE0D3C90}.Release|Any CPU.Build.0 = Release|Any CPU
		{3EA0E0E1-C3E5-8356-1932-9CB3A38474C2}.Debug|Any CPU.ActiveCfg = Debug|Any CPU
		{3EA0E0E1-C3E5-8356-1932-9CB3A38474C2}.Debug|Any CPU.Build.0 = Debug|Any CPU
		{3EA0E0E1-C3E5-8356-1932-9CB3A38474C2}.Release|Any CPU.ActiveCfg = Release|Any CPU
		{3EA0E0E1-C3E5-8356-1932-9CB3A38474C2}.Release|Any CPU.Build.0 = Release|Any CPU
		{CC355E1A-F4B8-417D-5FDD-70F04594F1E1}.Debug|Any CPU.ActiveCfg = Debug|Any CPU
		{CC355E1A-F4B8-417D-5FDD-70F04594F1E1}.Debug|Any CPU.Build.0 = Debug|Any CPU
		{CC355E1A-F4B8-417D-5FDD-70F04594F1E1}.Release|Any CPU.ActiveCfg = Release|Any CPU
		{CC355E1A-F4B8-417D-5FDD-70F04594F1E1}.Release|Any CPU.Build.0 = Release|Any CPU
		{7C057808-D23C-A0A7-B5B1-DB969F09C69C}.Debug|Any CPU.ActiveCfg = Debug|Any CPU
		{7C057808-D23C-A0A7-B5B1-DB969F09C69C}.Debug|Any CPU.Build.0 = Debug|Any CPU
		{7C057808-D23C-A0A7-B5B1-DB969F09C69C}.Release|Any CPU.ActiveCfg = Release|Any CPU
		{7C057808-D23C-A0A7-B5B1-DB969F09C69C}.Release|Any CPU.Build.0 = Release|Any CPU
		{F01FC7B6-FFD9-F057-3FDE-C878789901A4}.Debug|Any CPU.ActiveCfg = Debug|Any CPU
		{F01FC7B6-FFD9-F057-3FDE-C878789901A4}.Debug|Any CPU.Build.0 = Debug|Any CPU
		{F01FC7B6-FFD9-F057-3FDE-C878789901A4}.Release|Any CPU.ActiveCfg = Release|Any CPU
		{F01FC7B6-FFD9-F057-3FDE-C878789901A4}.Release|Any CPU.Build.0 = Release|Any CPU
		{14E5E917-D4ED-41EE-65C8-54A0484558D5}.Debug|Any CPU.ActiveCfg = Debug|Any CPU
		{14E5E917-D4ED-41EE-65C8-54A0484558D5}.Debug|Any CPU.Build.0 = Debug|Any CPU
		{14E5E917-D4ED-41EE-65C8-54A0484558D5}.Release|Any CPU.ActiveCfg = Release|Any CPU
		{14E5E917-D4ED-41EE-65C8-54A0484558D5}.Release|Any CPU.Build.0 = Release|Any CPU
		{FA9C2E2D-ED5D-3571-710E-879AA5B13268}.Debug|Any CPU.ActiveCfg = Debug|Any CPU
		{FA9C2E2D-ED5D-3571-710E-879AA5B13268}.Debug|Any CPU.Build.0 = Debug|Any CPU
		{FA9C2E2D-ED5D-3571-710E-879AA5B13268}.Release|Any CPU.ActiveCfg = Release|Any CPU
		{FA9C2E2D-ED5D-3571-710E-879AA5B13268}.Release|Any CPU.Build.0 = Release|Any CPU
		{DD5E42DF-90CC-DE44-E518-0407D04F3842}.Debug|Any CPU.ActiveCfg = Debug|Any CPU
		{DD5E42DF-90CC-DE44-E518-0407D04F3842}.Debug|Any CPU.Build.0 = Debug|Any CPU
		{DD5E42DF-90CC-DE44-E518-0407D04F3842}.Release|Any CPU.ActiveCfg = Release|Any CPU
		{DD5E42DF-90CC-DE44-E518-0407D04F3842}.Release|Any CPU.Build.0 = Release|Any CPU
		{CA322B0A-FCF3-99C8-9B91-BF7E748E369A}.Debug|Any CPU.ActiveCfg = Debug|Any CPU
		{CA322B0A-FCF3-99C8-9B91-BF7E748E369A}.Debug|Any CPU.Build.0 = Debug|Any CPU
		{CA322B0A-FCF3-99C8-9B91-BF7E748E369A}.Release|Any CPU.ActiveCfg = Release|Any CPU
		{CA322B0A-FCF3-99C8-9B91-BF7E748E369A}.Release|Any CPU.Build.0 = Release|Any CPU
		{884AFE94-3A8E-43E1-F8C8-BF276034B8EA}.Debug|Any CPU.ActiveCfg = Debug|Any CPU
		{884AFE94-3A8E-43E1-F8C8-BF276034B8EA}.Debug|Any CPU.Build.0 = Debug|Any CPU
		{884AFE94-3A8E-43E1-F8C8-BF276034B8EA}.Release|Any CPU.ActiveCfg = Release|Any CPU
		{884AFE94-3A8E-43E1-F8C8-BF276034B8EA}.Release|Any CPU.Build.0 = Release|Any CPU
		{62FEA766-07AE-B90C-88CC-0F0795B5E7D8}.Debug|Any CPU.ActiveCfg = Debug|Any CPU
		{62FEA766-07AE-B90C-88CC-0F0795B5E7D8}.Debug|Any CPU.Build.0 = Debug|Any CPU
		{62FEA766-07AE-B90C-88CC-0F0795B5E7D8}.Release|Any CPU.ActiveCfg = Release|Any CPU
		{62FEA766-07AE-B90C-88CC-0F0795B5E7D8}.Release|Any CPU.Build.0 = Release|Any CPU
		{8C1BFA37-5674-01CA-7FF3-819F814EB3CD}.Debug|Any CPU.ActiveCfg = Debug|Any CPU
		{8C1BFA37-5674-01CA-7FF3-819F814EB3CD}.Debug|Any CPU.Build.0 = Debug|Any CPU
		{8C1BFA37-5674-01CA-7FF3-819F814EB3CD}.Release|Any CPU.ActiveCfg = Release|Any CPU
		{8C1BFA37-5674-01CA-7FF3-819F814EB3CD}.Release|Any CPU.Build.0 = Release|Any CPU
		{B8318704-5881-3D16-A550-0FD57AD20B69}.Debug|Any CPU.ActiveCfg = Debug|Any CPU
		{B8318704-5881-3D16-A550-0FD57AD20B69}.Debug|Any CPU.Build.0 = Debug|Any CPU
		{B8318704-5881-3D16-A550-0FD57AD20B69}.Release|Any CPU.ActiveCfg = Release|Any CPU
		{B8318704-5881-3D16-A550-0FD57AD20B69}.Release|Any CPU.Build.0 = Release|Any CPU
		{1904027F-9089-D079-1A6C-5EC8C826BBCF}.Debug|Any CPU.ActiveCfg = Debug|Any CPU
		{1904027F-9089-D079-1A6C-5EC8C826BBCF}.Debug|Any CPU.Build.0 = Debug|Any CPU
		{1904027F-9089-D079-1A6C-5EC8C826BBCF}.Release|Any CPU.ActiveCfg = Release|Any CPU
		{1904027F-9089-D079-1A6C-5EC8C826BBCF}.Release|Any CPU.Build.0 = Release|Any CPU
		{7EF8D195-66DC-7510-6A38-50C685678EBB}.Debug|Any CPU.ActiveCfg = Debug|Any CPU
		{7EF8D195-66DC-7510-6A38-50C685678EBB}.Debug|Any CPU.Build.0 = Debug|Any CPU
		{7EF8D195-66DC-7510-6A38-50C685678EBB}.Release|Any CPU.ActiveCfg = Release|Any CPU
		{7EF8D195-66DC-7510-6A38-50C685678EBB}.Release|Any CPU.Build.0 = Release|Any CPU
		{7EC20B91-DFB9-4643-1517-30C87D8CCCE6}.Debug|Any CPU.ActiveCfg = Debug|Any CPU
		{7EC20B91-DFB9-4643-1517-30C87D8CCCE6}.Debug|Any CPU.Build.0 = Debug|Any CPU
		{7EC20B91-DFB9-4643-1517-30C87D8CCCE6}.Release|Any CPU.ActiveCfg = Release|Any CPU
		{7EC20B91-DFB9-4643-1517-30C87D8CCCE6}.Release|Any CPU.Build.0 = Release|Any CPU
	EndGlobalSection
	GlobalSection(SolutionProperties) = preSolution
		HideSolutionNode = FALSE
	EndGlobalSection
	GlobalSection(NestedProjects) = preSolution
		{73DE39D4-5919-7E52-2FEC-4B892159C249} = {59D919E5-3F8F-260B-B386-DA00513BA83C}
		{0920F1D1-196A-74C8-F5C3-C5F77ED6CDE8} = {73DE39D4-5919-7E52-2FEC-4B892159C249}
		{5FB08503-E482-1A10-11AF-D3D282BF4878} = {73DE39D4-5919-7E52-2FEC-4B892159C249}
		{630EB7A7-CF40-9120-F54F-A36B0CE8ED78} = {59D919E5-3F8F-260B-B386-DA00513BA83C}
		{573A2AFD-1255-4422-E763-E4623D2A6155} = {630EB7A7-CF40-9120-F54F-A36B0CE8ED78}
		{9B92478D-B318-0726-DDD4-F86EC4C9F9D0} = {573A2AFD-1255-4422-E763-E4623D2A6155}
		{6F434984-96E0-D5E5-3324-AF73E4C3ACCD} = {630EB7A7-CF40-9120-F54F-A36B0CE8ED78}
		{F11BE3F4-C4C9-D10E-E719-04CE7AE732D0} = {6F434984-96E0-D5E5-3324-AF73E4C3ACCD}
		{A9C66443-8C38-0273-54DE-3D3C950D557A} = {573A2AFD-1255-4422-E763-E4623D2A6155}
		{495195C6-B99B-C24D-0035-131BB5337B93} = {A9C66443-8C38-0273-54DE-3D3C950D557A}
		{7E00C405-6CBD-3165-55CA-51D72F4560AD} = {573A2AFD-1255-4422-E763-E4623D2A6155}
		{6F267CF6-7F5F-8DB0-0300-0CE487F82E17} = {7E00C405-6CBD-3165-55CA-51D72F4560AD}
		{9DE219D5-DE11-B27F-4AA4-798C01D71940} = {573A2AFD-1255-4422-E763-E4623D2A6155}
		{0F37EDD8-B616-184D-D1C9-E37E49098EB9} = {9DE219D5-DE11-B27F-4AA4-798C01D71940}
		{F2E0BEF0-A893-7B68-14E4-673964F9E39F} = {573A2AFD-1255-4422-E763-E4623D2A6155}
		{BCE356FF-A337-E169-690F-813A783D4BA5} = {F2E0BEF0-A893-7B68-14E4-673964F9E39F}
		{F8FE2A3E-219E-89AE-4197-ABF4595606D5} = {573A2AFD-1255-4422-E763-E4623D2A6155}
		{4448251B-286A-E583-F8EE-430C44BF9602} = {F8FE2A3E-219E-89AE-4197-ABF4595606D5}
		{52EB4CEC-6B9A-4906-F388-D7413715C780} = {573A2AFD-1255-4422-E763-E4623D2A6155}
		{34466E72-261F-2B82-C308-D56FCE0D3C90} = {52EB4CEC-6B9A-4906-F388-D7413715C780}
		{130F9AAF-19B5-B16D-8EBF-87151034CAD3} = {573A2AFD-1255-4422-E763-E4623D2A6155}
		{3EA0E0E1-C3E5-8356-1932-9CB3A38474C2} = {130F9AAF-19B5-B16D-8EBF-87151034CAD3}
		{9BB98E95-2E04-7176-98FB-9A813B839064} = {573A2AFD-1255-4422-E763-E4623D2A6155}
		{CC355E1A-F4B8-417D-5FDD-70F04594F1E1} = {9BB98E95-2E04-7176-98FB-9A813B839064}
		{776A6997-D9B7-B6ED-6167-79E014263F9A} = {573A2AFD-1255-4422-E763-E4623D2A6155}
		{7C057808-D23C-A0A7-B5B1-DB969F09C69C} = {776A6997-D9B7-B6ED-6167-79E014263F9A}
		{19A28677-B5CA-1363-4412-FCB5EBEEA199} = {573A2AFD-1255-4422-E763-E4623D2A6155}
		{F01FC7B6-FFD9-F057-3FDE-C878789901A4} = {19A28677-B5CA-1363-4412-FCB5EBEEA199}
		{A10A4599-04AF-C986-1168-7FA279CB303D} = {6F434984-96E0-D5E5-3324-AF73E4C3ACCD}
		{14E5E917-D4ED-41EE-65C8-54A0484558D5} = {A10A4599-04AF-C986-1168-7FA279CB303D}
		{72F38D69-C98E-8D2D-8AE6-D3A7213C0265} = {6F434984-96E0-D5E5-3324-AF73E4C3ACCD}
		{FA9C2E2D-ED5D-3571-710E-879AA5B13268} = {72F38D69-C98E-8D2D-8AE6-D3A7213C0265}
		{F0392E49-F7AE-E605-ECA4-796DABEE9805} = {6F434984-96E0-D5E5-3324-AF73E4C3ACCD}
		{DD5E42DF-90CC-DE44-E518-0407D04F3842} = {F0392E49-F7AE-E605-ECA4-796DABEE9805}
		{A2F36048-BB3F-3098-3A60-5DCD42D2FAFD} = {6F434984-96E0-D5E5-3324-AF73E4C3ACCD}
		{CA322B0A-FCF3-99C8-9B91-BF7E748E369A} = {A2F36048-BB3F-3098-3A60-5DCD42D2FAFD}
		{BDB3774D-096B-0591-E0A4-6A95863CD1B0} = {630EB7A7-CF40-9120-F54F-A36B0CE8ED78}
		{4F95ABC4-182B-2823-1A89-00FCB802B857} = {BDB3774D-096B-0591-E0A4-6A95863CD1B0}
		{884AFE94-3A8E-43E1-F8C8-BF276034B8EA} = {4F95ABC4-182B-2823-1A89-00FCB802B857}
		{36AFA2B1-754B-A0B3-B6F2-7A44A31FBAA7} = {BDB3774D-096B-0591-E0A4-6A95863CD1B0}
		{62FEA766-07AE-B90C-88CC-0F0795B5E7D8} = {36AFA2B1-754B-A0B3-B6F2-7A44A31FBAA7}
		{00C976CF-9F5B-A46F-B1F5-0547818A5092} = {BDB3774D-096B-0591-E0A4-6A95863CD1B0}
		{8C1BFA37-5674-01CA-7FF3-819F814EB3CD} = {00C976CF-9F5B-A46F-B1F5-0547818A5092}
		{BC378DEB-1381-F78B-DEDD-8F59064AA6AC} = {BDB3774D-096B-0591-E0A4-6A95863CD1B0}
		{B8318704-5881-3D16-A550-0FD57AD20B69} = {BC378DEB-1381-F78B-DEDD-8F59064AA6AC}
		{E09517AB-124E-9009-500D-1CE253C40AE6} = {BDB3774D-096B-0591-E0A4-6A95863CD1B0}
		{1904027F-9089-D079-1A6C-5EC8C826BBCF} = {E09517AB-124E-9009-500D-1CE253C40AE6}
		{D2E45E15-3F72-DE5A-8F72-08B0EFA45926} = {BDB3774D-096B-0591-E0A4-6A95863CD1B0}
		{7EF8D195-66DC-7510-6A38-50C685678EBB} = {D2E45E15-3F72-DE5A-8F72-08B0EFA45926}
		{BE79B9DC-51AB-06C3-9790-C18491B8087E} = {BDB3774D-096B-0591-E0A4-6A95863CD1B0}
		{7EC20B91-DFB9-4643-1517-30C87D8CCCE6} = {BE79B9DC-51AB-06C3-9790-C18491B8087E}
	EndGlobalSection
	GlobalSection(ExtensibilityGlobals) = postSolution
		SolutionGuid = {CB029D68-A32F-466D-A108-3C7245A6A8A4}
	EndGlobalSection
EndGlobal
