Microsoft Visual Studio Solution File, Format Version 12.00
# Visual Studio Version 17
VisualStudioVersion = 17.5.2.0
MinimumVisualStudioVersion = 10.0.40219.1
Project("{2150E333-8FDC-42A3-9474-1A3956D46DE8}") = "DesignPrinciples", "DesignPrinciples", "{C96A4EDC-A82E-49A6-915F-E84EFABBDD91}"
EndProject
Project("{2150E333-8FDC-42A3-9474-1A3956D46DE8}") = "DesignPatterns", "DesignPatterns", "{02B1F284-4C24-01E4-A1B0-6930DE87D975}"
EndProject
Project("{FAE04EC0-301F-11D3-BF4B-00C04F79EFBC}") = "HollywoodTest", "DesignPrinciples\Hollywood\HollywoodTest.csproj", "{55088D24-E73D-0999-5D72-901785A35149}"
EndProject
Project("{FAE04EC0-301F-11D3-BF4B-00C04F79EFBC}") = "Test", "DesignPrinciples\SOLID\Test.csproj", "{EA8391BD-98FA-1F34-0ABE-92C3873447B0}"
EndProject
Project("{2150E333-8FDC-42A3-9474-1A3956D46DE8}") = "Behavioral", "Behavioral", "{2F9F1ED9-9BA6-0070-7187-40A8BD334CE0}"
EndProject
Project("{FAE04EC0-301F-11D3-BF4B-00C04F79EFBC}") = "POC", "DesignPatterns\Behavioral\POC\POC.csproj", "{109758D0-520D-621F-7C02-76CF4381E93D}"
EndProject
Project("{2150E333-8FDC-42A3-9474-1A3956D46DE8}") = "Creational", "Creational", "{376B20B5-2E66-DD49-3A4D-5102149DCD0C}"
EndProject
Project("{FAE04EC0-301F-11D3-BF4B-00C04F79EFBC}") = "Prototype", "DesignPatterns\Creational\Prototype\Prototype.csproj", "{F520F56B-6E66-CC6B-F594-8AE05526DA8F}"
EndProject
Project("{2150E333-8FDC-42A3-9474-1A3956D46DE8}") = "ChainOfResponsibility", "ChainOfResponsibility", "{185ED4D0-CEFA-C8DD-5A56-F521C204ED77}"
EndProject
Project("{FAE04EC0-301F-11D3-BF4B-00C04F79EFBC}") = "POC", "DesignPatterns\Behavioral\ChainOfResponsibility\POC\POC.csproj", "{B592CAE4-47BC-25D8-12F8-B4084DCA6CB0}"
EndProject
Project("{2150E333-8FDC-42A3-9474-1A3956D46DE8}") = "Command", "Command", "{1C100CBF-94DA-2DDF-171D-AA8F8E4DEFB6}"
EndProject
Project("{FAE04EC0-301F-11D3-BF4B-00C04F79EFBC}") = "POC", "DesignPatterns\Behavioral\Command\POC\POC.csproj", "{A6BC104F-DA79-8DFF-0173-FFD4742776A6}"
EndProject
Project("{2150E333-8FDC-42A3-9474-1A3956D46DE8}") = "Iterator", "Iterator", "{E025B033-EF19-BBD4-DEB6-03AD2323DE70}"
EndProject
Project("{FAE04EC0-301F-11D3-BF4B-00C04F79EFBC}") = "POC", "DesignPatterns\Behavioral\Iterator\POC\POC.csproj", "{598807EA-8BC2-9E22-E6C2-F7EFA40076A3}"
EndProject
Project("{2150E333-8FDC-42A3-9474-1A3956D46DE8}") = "Mediator", "Mediator", "{31F3028D-0FAE-4769-DBC5-94F4616BB559}"
EndProject
Project("{FAE04EC0-301F-11D3-BF4B-00C04F79EFBC}") = "POC", "DesignPatterns\Behavioral\Mediator\POC\POC.csproj", "{6D6891E7-4AFA-0064-6FE1-5FD7CA6579B5}"
EndProject
Project("{2150E333-8FDC-42A3-9474-1A3956D46DE8}") = "Memento", "Memento", "{0EC969DC-9CC9-5638-8905-77B550CDE018}"
EndProject
Project("{FAE04EC0-301F-11D3-BF4B-00C04F79EFBC}") = "POC", "DesignPatterns\Behavioral\Memento\POC\POC.csproj", "{A368DDE0-07CC-FC74-502E-399041627025}"
EndProject
Project("{2150E333-8FDC-42A3-9474-1A3956D46DE8}") = "Observer", "Observer", "{AA86149A-F8EF-E960-DAEC-68B7B99B8073}"
EndProject
Project("{FAE04EC0-301F-11D3-BF4B-00C04F79EFBC}") = "POC", "DesignPatterns\Behavioral\Observer\POC\POC.csproj", "{883366CA-AEB1-B9B6-44E2-0149B92D97D1}"
EndProject
Project("{2150E333-8FDC-42A3-9474-1A3956D46DE8}") = "State", "State", "{DAA0A7FC-0857-119D-C123-D9EDE61980A8}"
EndProject
Project("{FAE04EC0-301F-11D3-BF4B-00C04F79EFBC}") = "POC", "DesignPatterns\Behavioral\State\POC\POC.csproj", "{77ED941F-C107-20DC-6FC2-ABB8E2404676}"
EndProject
Project("{2150E333-8FDC-42A3-9474-1A3956D46DE8}") = "Strategy", "Strategy", "{20A92F6A-2308-6051-BD8E-27B30686E1EA}"
EndProject
Project("{FAE04EC0-301F-11D3-BF4B-00C04F79EFBC}") = "POC", "DesignPatterns\Behavioral\Strategy\POC\POC.csproj", "{94714ED6-B013-3AF6-12F6-D07C4D96035A}"
EndProject
Project("{2150E333-8FDC-42A3-9474-1A3956D46DE8}") = "TemplateMethod", "TemplateMethod", "{0C4E81B1-02C9-922E-06DD-5155B2FA242D}"
EndProject
Project("{FAE04EC0-301F-11D3-BF4B-00C04F79EFBC}") = "POC", "DesignPatterns\Behavioral\TemplateMethod\POC\POC.csproj", "{33E9D125-59CF-01F8-CCE6-4349D1F5613E}"
EndProject
Project("{2150E333-8FDC-42A3-9474-1A3956D46DE8}") = "Visitor", "Visitor", "{196E52C1-9675-89C2-7AED-F80B98E3EBFD}"
EndProject
Project("{FAE04EC0-301F-11D3-BF4B-00C04F79EFBC}") = "Visitor", "DesignPatterns\Behavioral\Visitor\POC\Visitor.csproj", "{7F8DDC56-8E0B-0A63-B98F-16930D96146F}"
EndProject
Project("{2150E333-8FDC-42A3-9474-1A3956D46DE8}") = "Abstract Factory", "Abstract Factory", "{5547F171-0F1A-EE20-2D1D-B5D830AF7F88}"
EndProject
Project("{FAE04EC0-301F-11D3-BF4B-00C04F79EFBC}") = "POC", "DesignPatterns\Creational\Abstract Factory\POC\POC.csproj", "{7F7CB2B6-AE98-BACA-68DD-12CFEAB284CC}"
EndProject
Project("{2150E333-8FDC-42A3-9474-1A3956D46DE8}") = "Builder", "Builder", "{A153B0EF-DD6A-4826-1246-7B01ACBD7B2C}"
EndProject
Project("{FAE04EC0-301F-11D3-BF4B-00C04F79EFBC}") = "POC", "DesignPatterns\Creational\Builder\POC\POC.csproj", "{A968978E-86DF-320E-2A26-A7D0E5AAC7CE}"
EndProject
Project("{2150E333-8FDC-42A3-9474-1A3956D46DE8}") = "Factory", "Factory", "{AF38BA19-D6A2-8A1E-1B56-073750B26C8B}"
EndProject
Project("{FAE04EC0-301F-11D3-BF4B-00C04F79EFBC}") = "POC", "DesignPatterns\Creational\Factory\POC\POC.csproj", "{2544E62C-7988-B929-C119-60E41E7ABF58}"
EndProject
Project("{2150E333-8FDC-42A3-9474-1A3956D46DE8}") = "Singleton", "Singleton", "{7B53D3A7-46BA-2440-1758-1432ED1C51F1}"
EndProject
Project("{FAE04EC0-301F-11D3-BF4B-00C04F79EFBC}") = "POC", "DesignPatterns\Creational\Singleton\POC\POC.csproj", "{34CC5F45-BBF0-495C-7636-BC691095F65F}"
EndProject
Project("{2150E333-8FDC-42A3-9474-1A3956D46DE8}") = "Structural", "Structural", "{BFEEC3C4-BEFF-4CAD-0124-95F13477CBEA}"
EndProject
Project("{2150E333-8FDC-42A3-9474-1A3956D46DE8}") = "Adapter", "Adapter", "{55CF4F65-A55C-EF5A-F2DE-12BCA241B913}"
EndProject
Project("{FAE04EC0-301F-11D3-BF4B-00C04F79EFBC}") = "POC", "DesignPatterns\Structural\Adapter\POC\POC.csproj", "{5387ECDE-29E2-A826-B4D2-293792564AE9}"
EndProject
Project("{2150E333-8FDC-42A3-9474-1A3956D46DE8}") = "Bridge", "Bridge", "{EC75D206-CAF0-9A27-ED53-059E6AE9D55E}"
EndProject
Project("{FAE04EC0-301F-11D3-BF4B-00C04F79EFBC}") = "POC", "DesignPatterns\Structural\Bridge\POC\POC.csproj", "{772F366D-95D9-869E-5AFC-1E51CF1C1B3D}"
EndProject
Project("{2150E333-8FDC-42A3-9474-1A3956D46DE8}") = "Composite", "Composite", "{5A326E4C-06E6-444D-C4B3-7EB44E70B335}"
EndProject
Project("{FAE04EC0-301F-11D3-BF4B-00C04F79EFBC}") = "POC", "DesignPatterns\Structural\Composite\POC\POC.csproj", "{923AB467-1C11-7F91-10D7-36047FAE7706}"
EndProject
Project("{2150E333-8FDC-42A3-9474-1A3956D46DE8}") = "Decorator", "Decorator", "{CCDF2470-1F8A-3A9F-E0E9-CCE53F909CCE}"
EndProject
Project("{FAE04EC0-301F-11D3-BF4B-00C04F79EFBC}") = "Decorator_Pattern", "DesignPatterns\Structural\Decorator\POC\Decorator_Pattern.csproj", "{3141E188-D802-D2C0-6928-FF2F69132320}"
EndProject
Project("{2150E333-8FDC-42A3-9474-1A3956D46DE8}") = "Facade", "Facade", "{2B04C751-5CF2-8D03-1244-BEE3496BC220}"
EndProject
Project("{FAE04EC0-301F-11D3-BF4B-00C04F79EFBC}") = "POC", "DesignPatterns\Structural\Facade\POC\POC.csproj", "{485657D6-3996-57E7-806A-E67FCD28B009}"
EndProject
Project("{2150E333-8FDC-42A3-9474-1A3956D46DE8}") = "Flyweight", "Flyweight", "{63A8F5EE-F986-FD2B-8389-A7D85041EF91}"
EndProject
Project("{FAE04EC0-301F-11D3-BF4B-00C04F79EFBC}") = "POC", "DesignPatterns\Structural\Flyweight\POC\POC.csproj", "{2201A811-32F9-BEB9-6396-EF072BF342C4}"
EndProject
Project("{2150E333-8FDC-42A3-9474-1A3956D46DE8}") = "Proxy", "Proxy", "{105FEE91-4EF1-8E42-3DCB-BFD616127EDD}"
EndProject
Project("{FAE04EC0-301F-11D3-BF4B-00C04F79EFBC}") = "proxyexample", "DesignPatterns\Structural\Proxy\POC\proxyexample.csproj", "{AE70AEA4-8E41-2784-E3E9-6F33DCC1B596}"
EndProject
Global
	GlobalSection(SolutionConfigurationPlatforms) = preSolution
		Debug|Any CPU = Debug|Any CPU
		Release|Any CPU = Release|Any CPU
	EndGlobalSection
	GlobalSection(ProjectConfigurationPlatforms) = postSolution
		{55088D24-E73D-0999-5D72-901785A35149}.Debug|Any CPU.ActiveCfg = Debug|Any CPU
		{55088D24-E73D-0999-5D72-901785A35149}.Debug|Any CPU.Build.0 = Debug|Any CPU
		{55088D24-E73D-0999-5D72-901785A35149}.Release|Any CPU.ActiveCfg = Release|Any CPU
		{55088D24-E73D-0999-5D72-901785A35149}.Release|Any CPU.Build.0 = Release|Any CPU
		{EA8391BD-98FA-1F34-0ABE-92C3873447B0}.Debug|Any CPU.ActiveCfg = Debug|Any CPU
		{EA8391BD-98FA-1F34-0ABE-92C3873447B0}.Debug|Any CPU.Build.0 = Debug|Any CPU
		{EA8391BD-98FA-1F34-0ABE-92C3873447B0}.Release|Any CPU.ActiveCfg = Release|Any CPU
		{EA8391BD-98FA-1F34-0ABE-92C3873447B0}.Release|Any CPU.Build.0 = Release|Any CPU
		{109758D0-520D-621F-7C02-76CF4381E93D}.Debug|Any CPU.ActiveCfg = Debug|Any CPU
		{109758D0-520D-621F-7C02-76CF4381E93D}.Debug|Any CPU.Build.0 = Debug|Any CPU
		{109758D0-520D-621F-7C02-76CF4381E93D}.Release|Any CPU.ActiveCfg = Release|Any CPU
		{109758D0-520D-621F-7C02-76CF4381E93D}.Release|Any CPU.Build.0 = Release|Any CPU
		{F520F56B-6E66-CC6B-F594-8AE05526DA8F}.Debug|Any CPU.ActiveCfg = Debug|Any CPU
		{F520F56B-6E66-CC6B-F594-8AE05526DA8F}.Debug|Any CPU.Build.0 = Debug|Any CPU
		{F520F56B-6E66-CC6B-F594-8AE05526DA8F}.Release|Any CPU.ActiveCfg = Release|Any CPU
		{F520F56B-6E66-CC6B-F594-8AE05526DA8F}.Release|Any CPU.Build.0 = Release|Any CPU
		{B592CAE4-47BC-25D8-12F8-B4084DCA6CB0}.Debug|Any CPU.ActiveCfg = Debug|Any CPU
		{B592CAE4-47BC-25D8-12F8-B4084DCA6CB0}.Debug|Any CPU.Build.0 = Debug|Any CPU
		{B592CAE4-47BC-25D8-12F8-B4084DCA6CB0}.Release|Any CPU.ActiveCfg = Release|Any CPU
		{B592CAE4-47BC-25D8-12F8-B4084DCA6CB0}.Release|Any CPU.Build.0 = Release|Any CPU
		{A6BC104F-DA79-8DFF-0173-FFD4742776A6}.Debug|Any CPU.ActiveCfg = Debug|Any CPU
		{A6BC104F-DA79-8DFF-0173-FFD4742776A6}.Debug|Any CPU.Build.0 = Debug|Any CPU
		{A6BC104F-DA79-8DFF-0173-FFD4742776A6}.Release|Any CPU.ActiveCfg = Release|Any CPU
		{A6BC104F-DA79-8DFF-0173-FFD4742776A6}.Release|Any CPU.Build.0 = Release|Any CPU
		{598807EA-8BC2-9E22-E6C2-F7EFA40076A3}.Debug|Any CPU.ActiveCfg = Debug|Any CPU
		{598807EA-8BC2-9E22-E6C2-F7EFA40076A3}.Debug|Any CPU.Build.0 = Debug|Any CPU
		{598807EA-8BC2-9E22-E6C2-F7EFA40076A3}.Release|Any CPU.ActiveCfg = Release|Any CPU
		{598807EA-8BC2-9E22-E6C2-F7EFA40076A3}.Release|Any CPU.Build.0 = Release|Any CPU
		{6D6891E7-4AFA-0064-6FE1-5FD7CA6579B5}.Debug|Any CPU.ActiveCfg = Debug|Any CPU
		{6D6891E7-4AFA-0064-6FE1-5FD7CA6579B5}.Debug|Any CPU.Build.0 = Debug|Any CPU
		{6D6891E7-4AFA-0064-6FE1-5FD7CA6579B5}.Release|Any CPU.ActiveCfg = Release|Any CPU
		{6D6891E7-4AFA-0064-6FE1-5FD7CA6579B5}.Release|Any CPU.Build.0 = Release|Any CPU
		{A368DDE0-07CC-FC74-502E-399041627025}.Debug|Any CPU.ActiveCfg = Debug|Any CPU
		{A368DDE0-07CC-FC74-502E-399041627025}.Debug|Any CPU.Build.0 = Debug|Any CPU
		{A368DDE0-07CC-FC74-502E-399041627025}.Release|Any CPU.ActiveCfg = Release|Any CPU
		{A368DDE0-07CC-FC74-502E-399041627025}.Release|Any CPU.Build.0 = Release|Any CPU
		{883366CA-AEB1-B9B6-44E2-0149B92D97D1}.Debug|Any CPU.ActiveCfg = Debug|Any CPU
		{883366CA-AEB1-B9B6-44E2-0149B92D97D1}.Debug|Any CPU.Build.0 = Debug|Any CPU
		{883366CA-AEB1-B9B6-44E2-0149B92D97D1}.Release|Any CPU.ActiveCfg = Release|Any CPU
		{883366CA-AEB1-B9B6-44E2-0149B92D97D1}.Release|Any CPU.Build.0 = Release|Any CPU
		{77ED941F-C107-20DC-6FC2-ABB8E2404676}.Debug|Any CPU.ActiveCfg = Debug|Any CPU
		{77ED941F-C107-20DC-6FC2-ABB8E2404676}.Debug|Any CPU.Build.0 = Debug|Any CPU
		{77ED941F-C107-20DC-6FC2-ABB8E2404676}.Release|Any CPU.ActiveCfg = Release|Any CPU
		{77ED941F-C107-20DC-6FC2-ABB8E2404676}.Release|Any CPU.Build.0 = Release|Any CPU
		{94714ED6-B013-3AF6-12F6-D07C4D96035A}.Debug|Any CPU.ActiveCfg = Debug|Any CPU
		{94714ED6-B013-3AF6-12F6-D07C4D96035A}.Debug|Any CPU.Build.0 = Debug|Any CPU
		{94714ED6-B013-3AF6-12F6-D07C4D96035A}.Release|Any CPU.ActiveCfg = Release|Any CPU
		{94714ED6-B013-3AF6-12F6-D07C4D96035A}.Release|Any CPU.Build.0 = Release|Any CPU
		{33E9D125-59CF-01F8-CCE6-4349D1F5613E}.Debug|Any CPU.ActiveCfg = Debug|Any CPU
		{33E9D125-59CF-01F8-CCE6-4349D1F5613E}.Debug|Any CPU.Build.0 = Debug|Any CPU
		{33E9D125-59CF-01F8-CCE6-4349D1F5613E}.Release|Any CPU.ActiveCfg = Release|Any CPU
		{33E9D125-59CF-01F8-CCE6-4349D1F5613E}.Release|Any CPU.Build.0 = Release|Any CPU
		{7F8DDC56-8E0B-0A63-B98F-16930D96146F}.Debug|Any CPU.ActiveCfg = Debug|Any CPU
		{7F8DDC56-8E0B-0A63-B98F-16930D96146F}.Debug|Any CPU.Build.0 = Debug|Any CPU
		{7F8DDC56-8E0B-0A63-B98F-16930D96146F}.Release|Any CPU.ActiveCfg = Release|Any CPU
		{7F8DDC56-8E0B-0A63-B98F-16930D96146F}.Release|Any CPU.Build.0 = Release|Any CPU
		{7F7CB2B6-AE98-BACA-68DD-12CFEAB284CC}.Debug|Any CPU.ActiveCfg = Debug|Any CPU
		{7F7CB2B6-AE98-BACA-68DD-12CFEAB284CC}.Debug|Any CPU.Build.0 = Debug|Any CPU
		{7F7CB2B6-AE98-BACA-68DD-12CFEAB284CC}.Release|Any CPU.ActiveCfg = Release|Any CPU
		{7F7CB2B6-AE98-BACA-68DD-12CFEAB284CC}.Release|Any CPU.Build.0 = Release|Any CPU
		{A968978E-86DF-320E-2A26-A7D0E5AAC7CE}.Debug|Any CPU.ActiveCfg = Debug|Any CPU
		{A968978E-86DF-320E-2A26-A7D0E5AAC7CE}.Debug|Any CPU.Build.0 = Debug|Any CPU
		{A968978E-86DF-320E-2A26-A7D0E5AAC7CE}.Release|Any CPU.ActiveCfg = Release|Any CPU
		{A968978E-86DF-320E-2A26-A7D0E5AAC7CE}.Release|Any CPU.Build.0 = Release|Any CPU
		{2544E62C-7988-B929-C119-60E41E7ABF58}.Debug|Any CPU.ActiveCfg = Debug|Any CPU
		{2544E62C-7988-B929-C119-60E41E7ABF58}.Debug|Any CPU.Build.0 = Debug|Any CPU
		{2544E62C-7988-B929-C119-60E41E7ABF58}.Release|Any CPU.ActiveCfg = Release|Any CPU
		{2544E62C-7988-B929-C119-60E41E7ABF58}.Release|Any CPU.Build.0 = Release|Any CPU
		{34CC5F45-BBF0-495C-7636-BC691095F65F}.Debug|Any CPU.ActiveCfg = Debug|Any CPU
		{34CC5F45-BBF0-495C-7636-BC691095F65F}.Debug|Any CPU.Build.0 = Debug|Any CPU
		{34CC5F45-BBF0-495C-7636-BC691095F65F}.Release|Any CPU.ActiveCfg = Release|Any CPU
		{34CC5F45-BBF0-495C-7636-BC691095F65F}.Release|Any CPU.Build.0 = Release|Any CPU
		{5387ECDE-29E2-A826-B4D2-293792564AE9}.Debug|Any CPU.ActiveCfg = Debug|Any CPU
		{5387ECDE-29E2-A826-B4D2-293792564AE9}.Debug|Any CPU.Build.0 = Debug|Any CPU
		{5387ECDE-29E2-A826-B4D2-293792564AE9}.Release|Any CPU.ActiveCfg = Release|Any CPU
		{5387ECDE-29E2-A826-B4D2-293792564AE9}.Release|Any CPU.Build.0 = Release|Any CPU
		{772F366D-95D9-869E-5AFC-1E51CF1C1B3D}.Debug|Any CPU.ActiveCfg = Debug|Any CPU
		{772F366D-95D9-869E-5AFC-1E51CF1C1B3D}.Debug|Any CPU.Build.0 = Debug|Any CPU
		{772F366D-95D9-869E-5AFC-1E51CF1C1B3D}.Release|Any CPU.ActiveCfg = Release|Any CPU
		{772F366D-95D9-869E-5AFC-1E51CF1C1B3D}.Release|Any CPU.Build.0 = Release|Any CPU
		{923AB467-1C11-7F91-10D7-36047FAE7706}.Debug|Any CPU.ActiveCfg = Debug|Any CPU
		{923AB467-1C11-7F91-10D7-36047FAE7706}.Debug|Any CPU.Build.0 = Debug|Any CPU
		{923AB467-1C11-7F91-10D7-36047FAE7706}.Release|Any CPU.ActiveCfg = Release|Any CPU
		{923AB467-1C11-7F91-10D7-36047FAE7706}.Release|Any CPU.Build.0 = Release|Any CPU
		{3141E188-D802-D2C0-6928-FF2F69132320}.Debug|Any CPU.ActiveCfg = Debug|Any CPU
		{3141E188-D802-D2C0-6928-FF2F69132320}.Debug|Any CPU.Build.0 = Debug|Any CPU
		{3141E188-D802-D2C0-6928-FF2F69132320}.Release|Any CPU.ActiveCfg = Release|Any CPU
		{3141E188-D802-D2C0-6928-FF2F69132320}.Release|Any CPU.Build.0 = Release|Any CPU
		{485657D6-3996-57E7-806A-E67FCD28B009}.Debug|Any CPU.ActiveCfg = Debug|Any CPU
		{485657D6-3996-57E7-806A-E67FCD28B009}.Debug|Any CPU.Build.0 = Debug|Any CPU
		{485657D6-3996-57E7-806A-E67FCD28B009}.Release|Any CPU.ActiveCfg = Release|Any CPU
		{485657D6-3996-57E7-806A-E67FCD28B009}.Release|Any CPU.Build.0 = Release|Any CPU
		{2201A811-32F9-BEB9-6396-EF072BF342C4}.Debug|Any CPU.ActiveCfg = Debug|Any CPU
		{2201A811-32F9-BEB9-6396-EF072BF342C4}.Debug|Any CPU.Build.0 = Debug|Any CPU
		{2201A811-32F9-BEB9-6396-EF072BF342C4}.Release|Any CPU.ActiveCfg = Release|Any CPU
		{2201A811-32F9-BEB9-6396-EF072BF342C4}.Release|Any CPU.Build.0 = Release|Any CPU
		{AE70AEA4-8E41-2784-E3E9-6F33DCC1B596}.Debug|Any CPU.ActiveCfg = Debug|Any CPU
		{AE70AEA4-8E41-2784-E3E9-6F33DCC1B596}.Debug|Any CPU.Build.0 = Debug|Any CPU
		{AE70AEA4-8E41-2784-E3E9-6F33DCC1B596}.Release|Any CPU.ActiveCfg = Release|Any CPU
		{AE70AEA4-8E41-2784-E3E9-6F33DCC1B596}.Release|Any CPU.Build.0 = Release|Any CPU
	EndGlobalSection
	GlobalSection(SolutionProperties) = preSolution
		HideSolutionNode = FALSE
	EndGlobalSection
	GlobalSection(NestedProjects) = preSolution
		{55088D24-E73D-0999-5D72-901785A35149} = {C96A4EDC-A82E-49A6-915F-E84EFABBDD91}
		{EA8391BD-98FA-1F34-0ABE-92C3873447B0} = {C96A4EDC-A82E-49A6-915F-E84EFABBDD91}
		{2F9F1ED9-9BA6-0070-7187-40A8BD334CE0} = {02B1F284-4C24-01E4-A1B0-6930DE87D975}
		{109758D0-520D-621F-7C02-76CF4381E93D} = {2F9F1ED9-9BA6-0070-7187-40A8BD334CE0}
		{376B20B5-2E66-DD49-3A4D-5102149DCD0C} = {02B1F284-4C24-01E4-A1B0-6930DE87D975}
		{F520F56B-6E66-CC6B-F594-8AE05526DA8F} = {376B20B5-2E66-DD49-3A4D-5102149DCD0C}
		{185ED4D0-CEFA-C8DD-5A56-F521C204ED77} = {2F9F1ED9-9BA6-0070-7187-40A8BD334CE0}
		{B592CAE4-47BC-25D8-12F8-B4084DCA6CB0} = {185ED4D0-CEFA-C8DD-5A56-F521C204ED77}
		{1C100CBF-94DA-2DDF-171D-AA8F8E4DEFB6} = {2F9F1ED9-9BA6-0070-7187-40A8BD334CE0}
		{A6BC104F-DA79-8DFF-0173-FFD4742776A6} = {1C100CBF-94DA-2DDF-171D-AA8F8E4DEFB6}
		{E025B033-EF19-BBD4-DEB6-03AD2323DE70} = {2F9F1ED9-9BA6-0070-7187-40A8BD334CE0}
		{598807EA-8BC2-9E22-E6C2-F7EFA40076A3} = {E025B033-EF19-BBD4-DEB6-03AD2323DE70}
		{31F3028D-0FAE-4769-DBC5-94F4616BB559} = {2F9F1ED9-9BA6-0070-7187-40A8BD334CE0}
		{6D6891E7-4AFA-0064-6FE1-5FD7CA6579B5} = {31F3028D-0FAE-4769-DBC5-94F4616BB559}
		{0EC969DC-9CC9-5638-8905-77B550CDE018} = {2F9F1ED9-9BA6-0070-7187-40A8BD334CE0}
		{A368DDE0-07CC-FC74-502E-399041627025} = {0EC969DC-9CC9-5638-8905-77B550CDE018}
		{AA86149A-F8EF-E960-DAEC-68B7B99B8073} = {2F9F1ED9-9BA6-0070-7187-40A8BD334CE0}
		{883366CA-AEB1-B9B6-44E2-0149B92D97D1} = {AA86149A-F8EF-E960-DAEC-68B7B99B8073}
		{DAA0A7FC-0857-119D-C123-D9EDE61980A8} = {2F9F1ED9-9BA6-0070-7187-40A8BD334CE0}
		{77ED941F-C107-20DC-6FC2-ABB8E2404676} = {DAA0A7FC-0857-119D-C123-D9EDE61980A8}
		{20A92F6A-2308-6051-BD8E-27B30686E1EA} = {2F9F1ED9-9BA6-0070-7187-40A8BD334CE0}
		{94714ED6-B013-3AF6-12F6-D07C4D96035A} = {20A92F6A-2308-6051-BD8E-27B30686E1EA}
		{0C4E81B1-02C9-922E-06DD-5155B2FA242D} = {2F9F1ED9-9BA6-0070-7187-40A8BD334CE0}
		{33E9D125-59CF-01F8-CCE6-4349D1F5613E} = {0C4E81B1-02C9-922E-06DD-5155B2FA242D}
		{196E52C1-9675-89C2-7AED-F80B98E3EBFD} = {2F9F1ED9-9BA6-0070-7187-40A8BD334CE0}
		{7F8DDC56-8E0B-0A63-B98F-16930D96146F} = {196E52C1-9675-89C2-7AED-F80B98E3EBFD}
		{5547F171-0F1A-EE20-2D1D-B5D830AF7F88} = {376B20B5-2E66-DD49-3A4D-5102149DCD0C}
		{7F7CB2B6-AE98-BACA-68DD-12CFEAB284CC} = {5547F171-0F1A-EE20-2D1D-B5D830AF7F88}
		{A153B0EF-DD6A-4826-1246-7B01ACBD7B2C} = {376B20B5-2E66-DD49-3A4D-5102149DCD0C}
		{A968978E-86DF-320E-2A26-A7D0E5AAC7CE} = {A153B0EF-DD6A-4826-1246-7B01ACBD7B2C}
		{AF38BA19-D6A2-8A1E-1B56-073750B26C8B} = {376B20B5-2E66-DD49-3A4D-5102149DCD0C}
		{2544E62C-7988-B929-C119-60E41E7ABF58} = {AF38BA19-D6A2-8A1E-1B56-073750B26C8B}
		{7B53D3A7-46BA-2440-1758-1432ED1C51F1} = {376B20B5-2E66-DD49-3A4D-5102149DCD0C}
		{34CC5F45-BBF0-495C-7636-BC691095F65F} = {7B53D3A7-46BA-2440-1758-1432ED1C51F1}
		{BFEEC3C4-BEFF-4CAD-0124-95F13477CBEA} = {02B1F284-4C24-01E4-A1B0-6930DE87D975}
		{55CF4F65-A55C-EF5A-F2DE-12BCA241B913} = {BFEEC3C4-BEFF-4CAD-0124-95F13477CBEA}
		{5387ECDE-29E2-A826-B4D2-293792564AE9} = {55CF4F65-A55C-EF5A-F2DE-12BCA241B913}
		{EC75D206-CAF0-9A27-ED53-059E6AE9D55E} = {BFEEC3C4-BEFF-4CAD-0124-95F13477CBEA}
		{772F366D-95D9-869E-5AFC-1E51CF1C1B3D} = {EC75D206-CAF0-9A27-ED53-059E6AE9D55E}
		{5A326E4C-06E6-444D-C4B3-7EB44E70B335} = {BFEEC3C4-BEFF-4CAD-0124-95F13477CBEA}
		{923AB467-1C11-7F91-10D7-36047FAE7706} = {5A326E4C-06E6-444D-C4B3-7EB44E70B335}
		{CCDF2470-1F8A-3A9F-E0E9-CCE53F909CCE} = {BFEEC3C4-BEFF-4CAD-0124-95F13477CBEA}
		{3141E188-D802-D2C0-6928-FF2F69132320} = {CCDF2470-1F8A-3A9F-E0E9-CCE53F909CCE}
		{2B04C751-5CF2-8D03-1244-BEE3496BC220} = {BFEEC3C4-BEFF-4CAD-0124-95F13477CBEA}
		{485657D6-3996-57E7-806A-E67FCD28B009} = {2B04C751-5CF2-8D03-1244-BEE3496BC220}
		{63A8F5EE-F986-FD2B-8389-A7D85041EF91} = {BFEEC3C4-BEFF-4CAD-0124-95F13477CBEA}
		{2201A811-32F9-BEB9-6396-EF072BF342C4} = {63A8F5EE-F986-FD2B-8389-A7D85041EF91}
		{105FEE91-4EF1-8E42-3DCB-BFD616127EDD} = {BFEEC3C4-BEFF-4CAD-0124-95F13477CBEA}
		{AE70AEA4-8E41-2784-E3E9-6F33DCC1B596} = {105FEE91-4EF1-8E42-3DCB-BFD616127EDD}
	EndGlobalSection
	GlobalSection(ExtensibilityGlobals) = postSolution
		SolutionGuid = {F38E9585-A3E0-4D4A-A938-3232AEAA59F6}
	EndGlobalSection
EndGlobal
